
Microsoft Visual Studio Solution File, Format Version 12.00
# Visual Studio Version 17
VisualStudioVersion = 17.9.34622.214
MinimumVisualStudioVersion = 10.0.40219.1
Project("{9A19103F-16F7-4668-BE54-9A1E7A4F7556}") = "Finanzbuch", "Finanzbuch.csproj", "{28B267E0-7F8F-4BAD-83FD-762379B16FC0}"
EndProject
Project("{9A19103F-16F7-4668-BE54-9A1E7A4F7556}") = "BankDataImportBase", "..\BankDataImportBase\BankDataImportBase.csproj", "{E5E3E45B-2E38-4D55-9126-F9A45CD42F90}"
EndProject
Project("{2150E333-8FDC-42A3-9474-1A3956D46DE8}") = "ScalablePlugin", "ScalablePlugin", "{185DAA64-E903-45A6-B164-87102EBFCF31}"
EndProject
Project("{9A19103F-16F7-4668-BE54-9A1E7A4F7556}") = "ScalableCapitalPlugin", "..\ScalableCapitalPlugin\ScalableCapitalPlugin.csproj", "{2807DB1E-44B6-40F2-8DDE-4E0E68238FDA}"
EndProject
Project("{9A19103F-16F7-4668-BE54-9A1E7A4F7556}") = "ScalableCapitalPluginTest", "..\Tests\ScalableCapitalPluginTest\ScalableCapitalPluginTest.csproj", "{579D7783-CE32-4F79-B772-90048D7EA0F5}"
EndProject
Project("{2150E333-8FDC-42A3-9474-1A3956D46DE8}") = "BondoraPlugin", "BondoraPlugin", "{5A0A4CC0-2E5B-4CC1-BA51-154268C6A16C}"
EndProject
Project("{FAE04EC0-301F-11D3-BF4B-00C04F79EFBC}") = "BondoraPlugin", "..\BondoraPlugin\BondoraPlugin.csproj", "{4D98EB14-A06E-4998-8104-665D53C3BFD1}"
EndProject
Project("{FAE04EC0-301F-11D3-BF4B-00C04F79EFBC}") = "BondoraPluginTest", "..\BondoraPluginTest\BondoraPluginTest.csproj", "{9717F090-84C3-42FA-9F10-94BDD7AE0F50}"
EndProject
Global
	GlobalSection(SolutionConfigurationPlatforms) = preSolution
		Debug|Any CPU = Debug|Any CPU
		Release|Any CPU = Release|Any CPU
	EndGlobalSection
	GlobalSection(ProjectConfigurationPlatforms) = postSolution
		{28B267E0-7F8F-4BAD-83FD-762379B16FC0}.Debug|Any CPU.ActiveCfg = Debug|Any CPU
		{28B267E0-7F8F-4BAD-83FD-762379B16FC0}.Debug|Any CPU.Build.0 = Debug|Any CPU
		{28B267E0-7F8F-4BAD-83FD-762379B16FC0}.Debug|Any CPU.Deploy.0 = Debug|Any CPU
		{28B267E0-7F8F-4BAD-83FD-762379B16FC0}.Release|Any CPU.ActiveCfg = Release|Any CPU
		{28B267E0-7F8F-4BAD-83FD-762379B16FC0}.Release|Any CPU.Build.0 = Release|Any CPU
		{28B267E0-7F8F-4BAD-83FD-762379B16FC0}.Release|Any CPU.Deploy.0 = Release|Any CPU
		{E5E3E45B-2E38-4D55-9126-F9A45CD42F90}.Debug|Any CPU.ActiveCfg = Debug|Any CPU
		{E5E3E45B-2E38-4D55-9126-F9A45CD42F90}.Debug|Any CPU.Build.0 = Debug|Any CPU
		{E5E3E45B-2E38-4D55-9126-F9A45CD42F90}.Release|Any CPU.ActiveCfg = Release|Any CPU
		{E5E3E45B-2E38-4D55-9126-F9A45CD42F90}.Release|Any CPU.Build.0 = Release|Any CPU
		{2807DB1E-44B6-40F2-8DDE-4E0E68238FDA}.Debug|Any CPU.ActiveCfg = Debug|Any CPU
		{2807DB1E-44B6-40F2-8DDE-4E0E68238FDA}.Debug|Any CPU.Build.0 = Debug|Any CPU
		{2807DB1E-44B6-40F2-8DDE-4E0E68238FDA}.Release|Any CPU.ActiveCfg = Release|Any CPU
		{2807DB1E-44B6-40F2-8DDE-4E0E68238FDA}.Release|Any CPU.Build.0 = Release|Any CPU
		{579D7783-CE32-4F79-B772-90048D7EA0F5}.Debug|Any CPU.ActiveCfg = Debug|Any CPU
		{579D7783-CE32-4F79-B772-90048D7EA0F5}.Debug|Any CPU.Build.0 = Debug|Any CPU
		{579D7783-CE32-4F79-B772-90048D7EA0F5}.Release|Any CPU.ActiveCfg = Release|Any CPU
		{579D7783-CE32-4F79-B772-90048D7EA0F5}.Release|Any CPU.Build.0 = Release|Any CPU
		{4D98EB14-A06E-4998-8104-665D53C3BFD1}.Debug|Any CPU.ActiveCfg = Debug|Any CPU
		{4D98EB14-A06E-4998-8104-665D53C3BFD1}.Debug|Any CPU.Build.0 = Debug|Any CPU
		{4D98EB14-A06E-4998-8104-665D53C3BFD1}.Release|Any CPU.ActiveCfg = Release|Any CPU
		{4D98EB14-A06E-4998-8104-665D53C3BFD1}.Release|Any CPU.Build.0 = Release|Any CPU
		{9717F090-84C3-42FA-9F10-94BDD7AE0F50}.Debug|Any CPU.ActiveCfg = Debug|Any CPU
		{9717F090-84C3-42FA-9F10-94BDD7AE0F50}.Debug|Any CPU.Build.0 = Debug|Any CPU
		{9717F090-84C3-42FA-9F10-94BDD7AE0F50}.Release|Any CPU.ActiveCfg = Release|Any CPU
		{9717F090-84C3-42FA-9F10-94BDD7AE0F50}.Release|Any CPU.Build.0 = Release|Any CPU
	EndGlobalSection
	GlobalSection(SolutionProperties) = preSolution
		HideSolutionNode = FALSE
	EndGlobalSection
	GlobalSection(NestedProjects) = preSolution
		{2807DB1E-44B6-40F2-8DDE-4E0E68238FDA} = {185DAA64-E903-45A6-B164-87102EBFCF31}
		{579D7783-CE32-4F79-B772-90048D7EA0F5} = {185DAA64-E903-45A6-B164-87102EBFCF31}
		{4D98EB14-A06E-4998-8104-665D53C3BFD1} = {5A0A4CC0-2E5B-4CC1-BA51-154268C6A16C}
		{9717F090-84C3-42FA-9F10-94BDD7AE0F50} = {5A0A4CC0-2E5B-4CC1-BA51-154268C6A16C}
	EndGlobalSection
	GlobalSection(ExtensibilityGlobals) = postSolution
		SolutionGuid = {8A420204-3EAC-4775-94C9-651B15ED9F06}
	EndGlobalSection
EndGlobal
